
Microsoft Visual Studio Solution File, Format Version 12.00
# Visual Studio Version 17
VisualStudioVersion = 17.3.32922.545
MinimumVisualStudioVersion = 10.0.40219.1
Project("{FAE04EC0-301F-11D3-BF4B-00C04F79EFBC}") = "SaveMyGame", "SaveMyGame.csproj", "{E3EB5044-9992-4D0F-9C85-255D422C042D}"
EndProject
Global
	GlobalSection(SolutionConfigurationPlatforms) = preSolution
		Debug|Any CPU = Debug|Any CPU
		Release|Any CPU = Release|Any CPU
	EndGlobalSection
	GlobalSection(ProjectConfigurationPlatforms) = postSolution
		{E3EB5044-9992-4D0F-9C85-255D422C042D}.Debug|Any CPU.ActiveCfg = Debug|Any CPU
		{E3EB5044-9992-4D0F-9C85-255D422C042D}.Debug|Any CPU.Build.0 = Debug|Any CPU
		{E3EB5044-9992-4D0F-9C85-255D422C042D}.Release|Any CPU.ActiveCfg = Release|Any CPU
		{E3EB5044-9992-4D0F-9C85-255D422C042D}.Release|Any CPU.Build.0 = Release|Any CPU
	EndGlobalSection
	GlobalSection(SolutionProperties) = preSolution
		HideSolutionNode = FALSE
	EndGlobalSection
	GlobalSection(ExtensibilityGlobals) = postSolution
		SolutionGuid = {3CC9D215-493C-4EB9-9E8A-C97D5426B2C0}
	EndGlobalSection
EndGlobal
